
Microsoft Visual Studio Solution File, Format Version 12.00
# Visual Studio Version 17
VisualStudioVersion = 17.2.32519.379
MinimumVisualStudioVersion = 10.0.40219.1
Project("{FAE04EC0-301F-11D3-BF4B-00C04F79EFBC}") = "MusicLibrary.Project", "MusicLibrary.Project\MusicLibrary.Project.csproj", "{22D874BA-DB69-4F18-A1D6-EF1D2D412364}"
EndProject
Project("{FAE04EC0-301F-11D3-BF4B-00C04F79EFBC}") = "MusicLibrary.Services", "MusicLibrary.Services\MusicLibrary.Services.csproj", "{D9ECF1E0-F12E-4CB2-96DB-A14504274E1D}"
EndProject
Project("{FAE04EC0-301F-11D3-BF4B-00C04F79EFBC}") = "MusicLibrary.ServiceInterfaces", "MusicLibrary.ServiceInterfaces\MusicLibrary.ServiceInterfaces.csproj", "{D281E096-5D2A-4CE5-851D-1427E92F843F}"
EndProject
Project("{FAE04EC0-301F-11D3-BF4B-00C04F79EFBC}") = "MusicLibrary.Data", "MusicLibrary.Data\MusicLibrary.Data.csproj", "{D2FFD837-5AF2-4787-A26F-7255F738CE96}"
EndProject
Project("{FAE04EC0-301F-11D3-BF4B-00C04F79EFBC}") = "MusicLibrary.DataInterfaces", "MusicLibrary.DataInterfaces\MusicLibrary.DataInterfaces.csproj", "{7304A0FA-112B-446C-BF43-3442C4A75279}"
EndProject
Project("{FAE04EC0-301F-11D3-BF4B-00C04F79EFBC}") = "MusicLibrary.Domain", "MusicLibrary.Domain\MusicLibrary.Domain.csproj", "{C573BCF8-74D8-4961-A883-5AD195D35EA6}"
EndProject
Global
	GlobalSection(SolutionConfigurationPlatforms) = preSolution
		Debug|Any CPU = Debug|Any CPU
		Release|Any CPU = Release|Any CPU
	EndGlobalSection
	GlobalSection(ProjectConfigurationPlatforms) = postSolution
		{22D874BA-DB69-4F18-A1D6-EF1D2D412364}.Debug|Any CPU.ActiveCfg = Debug|Any CPU
		{22D874BA-DB69-4F18-A1D6-EF1D2D412364}.Debug|Any CPU.Build.0 = Debug|Any CPU
		{22D874BA-DB69-4F18-A1D6-EF1D2D412364}.Release|Any CPU.ActiveCfg = Release|Any CPU
		{22D874BA-DB69-4F18-A1D6-EF1D2D412364}.Release|Any CPU.Build.0 = Release|Any CPU
		{D9ECF1E0-F12E-4CB2-96DB-A14504274E1D}.Debug|Any CPU.ActiveCfg = Debug|Any CPU
		{D9ECF1E0-F12E-4CB2-96DB-A14504274E1D}.Debug|Any CPU.Build.0 = Debug|Any CPU
		{D9ECF1E0-F12E-4CB2-96DB-A14504274E1D}.Release|Any CPU.ActiveCfg = Release|Any CPU
		{D9ECF1E0-F12E-4CB2-96DB-A14504274E1D}.Release|Any CPU.Build.0 = Release|Any CPU
		{D281E096-5D2A-4CE5-851D-1427E92F843F}.Debug|Any CPU.ActiveCfg = Debug|Any CPU
		{D281E096-5D2A-4CE5-851D-1427E92F843F}.Debug|Any CPU.Build.0 = Debug|Any CPU
		{D281E096-5D2A-4CE5-851D-1427E92F843F}.Release|Any CPU.ActiveCfg = Release|Any CPU
		{D281E096-5D2A-4CE5-851D-1427E92F843F}.Release|Any CPU.Build.0 = Release|Any CPU
		{D2FFD837-5AF2-4787-A26F-7255F738CE96}.Debug|Any CPU.ActiveCfg = Debug|Any CPU
		{D2FFD837-5AF2-4787-A26F-7255F738CE96}.Debug|Any CPU.Build.0 = Debug|Any CPU
		{D2FFD837-5AF2-4787-A26F-7255F738CE96}.Release|Any CPU.ActiveCfg = Release|Any CPU
		{D2FFD837-5AF2-4787-A26F-7255F738CE96}.Release|Any CPU.Build.0 = Release|Any CPU
		{7304A0FA-112B-446C-BF43-3442C4A75279}.Debug|Any CPU.ActiveCfg = Debug|Any CPU
		{7304A0FA-112B-446C-BF43-3442C4A75279}.Debug|Any CPU.Build.0 = Debug|Any CPU
		{7304A0FA-112B-446C-BF43-3442C4A75279}.Release|Any CPU.ActiveCfg = Release|Any CPU
		{7304A0FA-112B-446C-BF43-3442C4A75279}.Release|Any CPU.Build.0 = Release|Any CPU
		{C573BCF8-74D8-4961-A883-5AD195D35EA6}.Debug|Any CPU.ActiveCfg = Debug|Any CPU
		{C573BCF8-74D8-4961-A883-5AD195D35EA6}.Debug|Any CPU.Build.0 = Debug|Any CPU
		{C573BCF8-74D8-4961-A883-5AD195D35EA6}.Release|Any CPU.ActiveCfg = Release|Any CPU
		{C573BCF8-74D8-4961-A883-5AD195D35EA6}.Release|Any CPU.Build.0 = Release|Any CPU
	EndGlobalSection
	GlobalSection(SolutionProperties) = preSolution
		HideSolutionNode = FALSE
	EndGlobalSection
	GlobalSection(ExtensibilityGlobals) = postSolution
		SolutionGuid = {52F9C109-BE75-417F-9800-A1C3E8F7288A}
	EndGlobalSection
EndGlobal
